<?xml version="1.0" encoding="utf-8"?>
<Project ToolsVersion="4.0" xmlns="http://schemas.microsoft.com/developer/msbuild/2003">
  <ItemGroup>
    <Filter Include="Исходные файлы">
      <UniqueIdentifier>{4FC737F1-C7A5-4376-A066-2A32D752A2FF}</UniqueIdentifier>
      <Extensions>cpp;c;cc;cxx;c++;cppm;ixx;def;odl;idl;hpj;bat;asm;asmx</Extensions>
    </Filter>
    <Filter Include="Файлы заголовков">
      <UniqueIdentifier>{93995380-89BD-4b04-88EB-625FBE52EBFB}</UniqueIdentifier>
      <Extensions>h;hh;hpp;hxx;h++;hm;inl;inc;ipp;xsd</Extensions>
    </Filter>
    <Filter Include="Файлы ресурсов">
      <UniqueIdentifier>{67DA6AB6-F800-4c08-8B7A-83BB121AAD01}</UniqueIdentifier>
      <Extensions>rc;ico;cur;bmp;dlg;rc2;rct;bin;rgs;gif;jpg;jpeg;jpe;resx;tiff;tif;png;wav;mfcribbon-ms</Extensions>
    </Filter>
    <Filter Include="Исходные файлы\memory_manager">
      <UniqueIdentifier>{34eade12-83d3-4f91-b13a-411bb38149af}</UniqueIdentifier>
    </Filter>
    <Filter Include="Исходные файлы\vigenere_cipher">
      <UniqueIdentifier>{bde366ba-99e7-470c-a4df-9b7cb10b47d6}</UniqueIdentifier>
    </Filter>
    <Filter Include="Исходные файлы\text_file_manager">
      <UniqueIdentifier>{987c2e95-ea69-4077-a983-792956d56aa3}</UniqueIdentifier>
    </Filter>
    <Filter Include="Исходные файлы\common">
      <UniqueIdentifier>{2541a8c0-3a17-4965-b961-96966c140f7e}</UniqueIdentifier>
    </Filter>
    <Filter Include="Исходные файлы\string_manager">
      <UniqueIdentifier>{366f023d-7c8f-4218-87b8-56fdb99e351a}</UniqueIdentifier>
    </Filter>
  </ItemGroup>
  <ItemGroup>
    <ClCompile Include="main.c">
      <Filter>Исходные файлы</Filter>
    </ClCompile>
    <ClCompile Include="memory_manager.c">
      <Filter>Исходные файлы\memory_manager</Filter>
    </ClCompile>
    <ClCompile Include="string_manager.c">
      <Filter>Исходные файлы\string_manager</Filter>
    </ClCompile>
    <ClCompile Include="vigenere_cipher.c">
      <Filter>Исходные файлы\vigenere_cipher</Filter>
    </ClCompile>
    <ClCompile Include="common.c">
      <Filter>Исходные файлы\common</Filter>
    </ClCompile>
    <ClCompile Include="text_file_manager.c">
      <Filter>Исходные файлы\text_file_manager</Filter>
    </ClCompile>
  </ItemGroup>
  <ItemGroup>
    <ClInclude Include="memory_manager.h">
      <Filter>Исходные файлы\memory_manager</Filter>
    </ClInclude>
    <ClInclude Include="string_manager.h">
      <Filter>Исходные файлы\string_manager</Filter>
    </ClInclude>
    <ClInclude Include="vigenere_cipher.h">
      <Filter>Исходные файлы\vigenere_cipher</Filter>
    </ClInclude>
    <ClInclude Include="common.h">
      <Filter>Исходные файлы\common</Filter>
    </ClInclude>
    <ClInclude Include="text_file_manager.h">
      <Filter>Исходные файлы\text_file_manager</Filter>
    </ClInclude>
  </ItemGroup>
</Project>